
Microsoft Visual Studio Solution File, Format Version 12.00
# Visual Studio Version 17
VisualStudioVersion = 17.8.34330.188
MinimumVisualStudioVersion = 10.0.40219.1
Project("{888888A0-9F3D-457C-B088-3A5042F75D52}") = "CIS261-Course-Project-2", "CIS261-Course-Project-2.pyproj", "{78B89573-C0E2-4917-8715-0EB14A065CF1}"
EndProject
Global
	GlobalSection(SolutionConfigurationPlatforms) = preSolution
		Debug|Any CPU = Debug|Any CPU
		Release|Any CPU = Release|Any CPU
	EndGlobalSection
	GlobalSection(ProjectConfigurationPlatforms) = postSolution
		{78B89573-C0E2-4917-8715-0EB14A065CF1}.Debug|Any CPU.ActiveCfg = Debug|Any CPU
		{78B89573-C0E2-4917-8715-0EB14A065CF1}.Release|Any CPU.ActiveCfg = Release|Any CPU
	EndGlobalSection
	GlobalSection(SolutionProperties) = preSolution
		HideSolutionNode = FALSE
	EndGlobalSection
	GlobalSection(ExtensibilityGlobals) = postSolution
		SolutionGuid = {D6041C90-E3FB-49EC-B96E-D9F7AC641917}
	EndGlobalSection
EndGlobal
